
Microsoft Visual Studio Solution File, Format Version 12.00
# Visual Studio Version 16
VisualStudioVersion = 16.0.29209.62
MinimumVisualStudioVersion = 10.0.40219.1
Project("{FAE04EC0-301F-11D3-BF4B-00C04F79EFBC}") = "WebAppFSIS", "WebAppFSIS.csproj", "{C5864A7B-7CC9-4295-8C53-B26BEE0BB5C2}"
EndProject
Project("{FAE04EC0-301F-11D3-BF4B-00C04F79EFBC}") = "FSISSystem", "..\FSISStysem\FSISSystem.csproj", "{405F5AE4-7DBF-4319-94FE-564B02CFAD2C}"
EndProject
Global
	GlobalSection(SolutionConfigurationPlatforms) = preSolution
		Debug|Any CPU = Debug|Any CPU
		Release|Any CPU = Release|Any CPU
	EndGlobalSection
	GlobalSection(ProjectConfigurationPlatforms) = postSolution
		{C5864A7B-7CC9-4295-8C53-B26BEE0BB5C2}.Debug|Any CPU.ActiveCfg = Debug|Any CPU
		{C5864A7B-7CC9-4295-8C53-B26BEE0BB5C2}.Debug|Any CPU.Build.0 = Debug|Any CPU
		{C5864A7B-7CC9-4295-8C53-B26BEE0BB5C2}.Release|Any CPU.ActiveCfg = Release|Any CPU
		{C5864A7B-7CC9-4295-8C53-B26BEE0BB5C2}.Release|Any CPU.Build.0 = Release|Any CPU
		{405F5AE4-7DBF-4319-94FE-564B02CFAD2C}.Debug|Any CPU.ActiveCfg = Debug|Any CPU
		{405F5AE4-7DBF-4319-94FE-564B02CFAD2C}.Debug|Any CPU.Build.0 = Debug|Any CPU
		{405F5AE4-7DBF-4319-94FE-564B02CFAD2C}.Release|Any CPU.ActiveCfg = Release|Any CPU
		{405F5AE4-7DBF-4319-94FE-564B02CFAD2C}.Release|Any CPU.Build.0 = Release|Any CPU
	EndGlobalSection
	GlobalSection(SolutionProperties) = preSolution
		HideSolutionNode = FALSE
	EndGlobalSection
	GlobalSection(ExtensibilityGlobals) = postSolution
		SolutionGuid = {D3FA087A-1CF7-4B58-9271-16663399B2AB}
	EndGlobalSection
EndGlobal
